
Microsoft Visual Studio Solution File, Format Version 12.00
# Visual Studio Version 17
VisualStudioVersion = 17.13.35931.197
MinimumVisualStudioVersion = 10.0.40219.1
Project("{2150E333-8FDC-42A3-9474-1A3956D46DE8}") = "src", "src", "{02EA681E-C7D8-13C7-8484-4AC65E1B71E8}"
EndProject
Project("{2150E333-8FDC-42A3-9474-1A3956D46DE8}") = "test", "test", "{3DF1A981-E0AA-420F-A360-22810A2E6D32}"
EndProject
Project("{FAE04EC0-301F-11D3-BF4B-00C04F79EFBC}") = "AD.Server", "AD\Server\AD.Server.csproj", "{8BF3801C-F1F9-472B-A433-7D6C04C34808}"
EndProject
Project("{FAE04EC0-301F-11D3-BF4B-00C04F79EFBC}") = "AD.Client", "AD\Client\AD.Client.csproj", "{E81D4FA6-E133-410F-B849-CA23F34C23D5}"
EndProject
Project("{FAE04EC0-301F-11D3-BF4B-00C04F79EFBC}") = "AD.CL", "AD\Shared\AD.CL.csproj", "{896358B5-3788-4793-9300-35921C846CF1}"
EndProject
Project("{FAE04EC0-301F-11D3-BF4B-00C04F79EFBC}") = "AD.RCL", "AD.RCL\AD.RCL.csproj", "{7F43B70E-25E1-4A96-8137-1D62F6948D01}"
EndProject
Project("{2150E333-8FDC-42A3-9474-1A3956D46DE8}") = "CL", "CL", "{728EB83D-7173-439E-915D-60EA78A2BC15}"
EndProject
Global
	GlobalSection(SolutionConfigurationPlatforms) = preSolution
		Debug|Any CPU = Debug|Any CPU
		Release|Any CPU = Release|Any CPU
	EndGlobalSection
	GlobalSection(ProjectConfigurationPlatforms) = postSolution
		{8BF3801C-F1F9-472B-A433-7D6C04C34808}.Debug|Any CPU.ActiveCfg = Debug|Any CPU
		{8BF3801C-F1F9-472B-A433-7D6C04C34808}.Debug|Any CPU.Build.0 = Debug|Any CPU
		{8BF3801C-F1F9-472B-A433-7D6C04C34808}.Release|Any CPU.ActiveCfg = Release|Any CPU
		{8BF3801C-F1F9-472B-A433-7D6C04C34808}.Release|Any CPU.Build.0 = Release|Any CPU
		{E81D4FA6-E133-410F-B849-CA23F34C23D5}.Debug|Any CPU.ActiveCfg = Debug|Any CPU
		{E81D4FA6-E133-410F-B849-CA23F34C23D5}.Debug|Any CPU.Build.0 = Debug|Any CPU
		{E81D4FA6-E133-410F-B849-CA23F34C23D5}.Release|Any CPU.ActiveCfg = Release|Any CPU
		{E81D4FA6-E133-410F-B849-CA23F34C23D5}.Release|Any CPU.Build.0 = Release|Any CPU
		{896358B5-3788-4793-9300-35921C846CF1}.Debug|Any CPU.ActiveCfg = Debug|Any CPU
		{896358B5-3788-4793-9300-35921C846CF1}.Debug|Any CPU.Build.0 = Debug|Any CPU
		{896358B5-3788-4793-9300-35921C846CF1}.Release|Any CPU.ActiveCfg = Release|Any CPU
		{896358B5-3788-4793-9300-35921C846CF1}.Release|Any CPU.Build.0 = Release|Any CPU
		{7F43B70E-25E1-4A96-8137-1D62F6948D01}.Debug|Any CPU.ActiveCfg = Debug|Any CPU
		{7F43B70E-25E1-4A96-8137-1D62F6948D01}.Debug|Any CPU.Build.0 = Debug|Any CPU
		{7F43B70E-25E1-4A96-8137-1D62F6948D01}.Release|Any CPU.ActiveCfg = Release|Any CPU
		{7F43B70E-25E1-4A96-8137-1D62F6948D01}.Release|Any CPU.Build.0 = Release|Any CPU
	EndGlobalSection
	GlobalSection(SolutionProperties) = preSolution
		HideSolutionNode = FALSE
	EndGlobalSection
	GlobalSection(NestedProjects) = preSolution
		{8BF3801C-F1F9-472B-A433-7D6C04C34808} = {02EA681E-C7D8-13C7-8484-4AC65E1B71E8}
		{E81D4FA6-E133-410F-B849-CA23F34C23D5} = {02EA681E-C7D8-13C7-8484-4AC65E1B71E8}
		{896358B5-3788-4793-9300-35921C846CF1} = {728EB83D-7173-439E-915D-60EA78A2BC15}
		{7F43B70E-25E1-4A96-8137-1D62F6948D01} = {728EB83D-7173-439E-915D-60EA78A2BC15}
		{728EB83D-7173-439E-915D-60EA78A2BC15} = {02EA681E-C7D8-13C7-8484-4AC65E1B71E8}
	EndGlobalSection
	GlobalSection(ExtensibilityGlobals) = postSolution
		SolutionGuid = {447AFC50-A81D-4518-98B5-862BA26429B1}
	EndGlobalSection
EndGlobal
